
Microsoft Visual Studio Solution File, Format Version 12.00
# Visual Studio 15
VisualStudioVersion = 15.0.27004.2002
MinimumVisualStudioVersion = 10.0.40219.1
Project("{FAE04EC0-301F-11D3-BF4B-00C04F79EFBC}") = "FoodNet.UI", "FoodNet.UI\FoodNet.UI.csproj", "{814F54B8-1A7B-4A15-8F58-57DE54338D43}"
EndProject
Project("{FAE04EC0-301F-11D3-BF4B-00C04F79EFBC}") = "FoodNet.DataAccess", "FoodNet.DataAccess\FoodNet.DataAccess.csproj", "{42C33721-7016-4476-BD63-46BEF944D32F}"
EndProject
Project("{FAE04EC0-301F-11D3-BF4B-00C04F79EFBC}") = "FoodNet.Model", "FoodNet.Model\FoodNet.Model.csproj", "{23347546-12A7-4C86-9B2E-B3A4AD6C5FE1}"
EndProject
Project("{FAE04EC0-301F-11D3-BF4B-00C04F79EFBC}") = "DatabaseSeed", "DatabaseSeed\DatabaseSeed.csproj", "{41D4F3A8-FEF1-41FC-9307-6674CFDBF2F3}"
EndProject
Project("{FAE04EC0-301F-11D3-BF4B-00C04F79EFBC}") = "FoodNet.UITests", "FoodNet.Tests\FoodNet.UITests.csproj", "{5506DCE1-86C0-45C8-BD63-27C58035BAB6}"
EndProject
Project("{9A19103F-16F7-4668-BE54-9A1E7A4F7556}") = "FoodNet.DataAccessCore", "FoodNet.DataAccessCore\FoodNet.DataAccessCore.csproj", "{51AF64E9-5A5A-4CE3-9A27-2B40453C1E7A}"
EndProject
Project("{9A19103F-16F7-4668-BE54-9A1E7A4F7556}") = "FoodNet.ModelCore", "FoodNet.ModelCore\FoodNet.ModelCore.csproj", "{17C41DB5-EEE2-4F97-92E9-6E1604A44D20}"
EndProject
Project("{2150E333-8FDC-42A3-9474-1A3956D46DE8}") = "Stage 1", "Stage 1", "{47AF6DAC-5597-4C96-BEAA-46987D01A605}"
EndProject
Project("{2150E333-8FDC-42A3-9474-1A3956D46DE8}") = "Stage 2", "Stage 2", "{797F5555-A4E5-47CD-84C4-6350E3D3622B}"
EndProject
Project("{9A19103F-16F7-4668-BE54-9A1E7A4F7556}") = "FoodNET.WebAPI", "FoodNET.WebAPI\FoodNET.WebAPI.csproj", "{C06260FD-12DE-4C4F-B0FC-B7E3D0D011BE}"
EndProject
Project("{9A19103F-16F7-4668-BE54-9A1E7A4F7556}") = "CoreDatabaseSeed", "CoreDatabaseSeed\CoreDatabaseSeed.csproj", "{328A1E56-2C53-4A98-B9C1-55FCD4B7CCE0}"
EndProject
Project("{9A19103F-16F7-4668-BE54-9A1E7A4F7556}") = "FoodNet.TestsCore", "FoodNet.TestsCore\FoodNet.TestsCore.csproj", "{618F9559-D33D-4050-A9AD-CB81AB5EEAE2}"
EndProject
Project("{2150E333-8FDC-42A3-9474-1A3956D46DE8}") = "Stage 3", "Stage 3", "{AB5B3A48-6779-43A1-9655-4C9F55F19DA0}"
EndProject
Global
	GlobalSection(SolutionConfigurationPlatforms) = preSolution
		Debug|Any CPU = Debug|Any CPU
		Release|Any CPU = Release|Any CPU
	EndGlobalSection
	GlobalSection(ProjectConfigurationPlatforms) = postSolution
		{814F54B8-1A7B-4A15-8F58-57DE54338D43}.Debug|Any CPU.ActiveCfg = Debug|Any CPU
		{814F54B8-1A7B-4A15-8F58-57DE54338D43}.Debug|Any CPU.Build.0 = Debug|Any CPU
		{814F54B8-1A7B-4A15-8F58-57DE54338D43}.Release|Any CPU.ActiveCfg = Release|Any CPU
		{814F54B8-1A7B-4A15-8F58-57DE54338D43}.Release|Any CPU.Build.0 = Release|Any CPU
		{42C33721-7016-4476-BD63-46BEF944D32F}.Debug|Any CPU.ActiveCfg = Debug|Any CPU
		{42C33721-7016-4476-BD63-46BEF944D32F}.Debug|Any CPU.Build.0 = Debug|Any CPU
		{42C33721-7016-4476-BD63-46BEF944D32F}.Release|Any CPU.ActiveCfg = Release|Any CPU
		{42C33721-7016-4476-BD63-46BEF944D32F}.Release|Any CPU.Build.0 = Release|Any CPU
		{23347546-12A7-4C86-9B2E-B3A4AD6C5FE1}.Debug|Any CPU.ActiveCfg = Debug|Any CPU
		{23347546-12A7-4C86-9B2E-B3A4AD6C5FE1}.Debug|Any CPU.Build.0 = Debug|Any CPU
		{23347546-12A7-4C86-9B2E-B3A4AD6C5FE1}.Release|Any CPU.ActiveCfg = Release|Any CPU
		{23347546-12A7-4C86-9B2E-B3A4AD6C5FE1}.Release|Any CPU.Build.0 = Release|Any CPU
		{41D4F3A8-FEF1-41FC-9307-6674CFDBF2F3}.Debug|Any CPU.ActiveCfg = Debug|Any CPU
		{41D4F3A8-FEF1-41FC-9307-6674CFDBF2F3}.Debug|Any CPU.Build.0 = Debug|Any CPU
		{41D4F3A8-FEF1-41FC-9307-6674CFDBF2F3}.Release|Any CPU.ActiveCfg = Release|Any CPU
		{41D4F3A8-FEF1-41FC-9307-6674CFDBF2F3}.Release|Any CPU.Build.0 = Release|Any CPU
		{5506DCE1-86C0-45C8-BD63-27C58035BAB6}.Debug|Any CPU.ActiveCfg = Debug|Any CPU
		{5506DCE1-86C0-45C8-BD63-27C58035BAB6}.Debug|Any CPU.Build.0 = Debug|Any CPU
		{5506DCE1-86C0-45C8-BD63-27C58035BAB6}.Release|Any CPU.ActiveCfg = Release|Any CPU
		{5506DCE1-86C0-45C8-BD63-27C58035BAB6}.Release|Any CPU.Build.0 = Release|Any CPU
		{51AF64E9-5A5A-4CE3-9A27-2B40453C1E7A}.Debug|Any CPU.ActiveCfg = Debug|Any CPU
		{51AF64E9-5A5A-4CE3-9A27-2B40453C1E7A}.Debug|Any CPU.Build.0 = Debug|Any CPU
		{51AF64E9-5A5A-4CE3-9A27-2B40453C1E7A}.Release|Any CPU.ActiveCfg = Release|Any CPU
		{51AF64E9-5A5A-4CE3-9A27-2B40453C1E7A}.Release|Any CPU.Build.0 = Release|Any CPU
		{17C41DB5-EEE2-4F97-92E9-6E1604A44D20}.Debug|Any CPU.ActiveCfg = Debug|Any CPU
		{17C41DB5-EEE2-4F97-92E9-6E1604A44D20}.Debug|Any CPU.Build.0 = Debug|Any CPU
		{17C41DB5-EEE2-4F97-92E9-6E1604A44D20}.Release|Any CPU.ActiveCfg = Release|Any CPU
		{17C41DB5-EEE2-4F97-92E9-6E1604A44D20}.Release|Any CPU.Build.0 = Release|Any CPU
		{C06260FD-12DE-4C4F-B0FC-B7E3D0D011BE}.Debug|Any CPU.ActiveCfg = Debug|Any CPU
		{C06260FD-12DE-4C4F-B0FC-B7E3D0D011BE}.Debug|Any CPU.Build.0 = Debug|Any CPU
		{C06260FD-12DE-4C4F-B0FC-B7E3D0D011BE}.Release|Any CPU.ActiveCfg = Release|Any CPU
		{C06260FD-12DE-4C4F-B0FC-B7E3D0D011BE}.Release|Any CPU.Build.0 = Release|Any CPU
		{328A1E56-2C53-4A98-B9C1-55FCD4B7CCE0}.Debug|Any CPU.ActiveCfg = Debug|Any CPU
		{328A1E56-2C53-4A98-B9C1-55FCD4B7CCE0}.Debug|Any CPU.Build.0 = Debug|Any CPU
		{328A1E56-2C53-4A98-B9C1-55FCD4B7CCE0}.Release|Any CPU.ActiveCfg = Release|Any CPU
		{328A1E56-2C53-4A98-B9C1-55FCD4B7CCE0}.Release|Any CPU.Build.0 = Release|Any CPU
		{618F9559-D33D-4050-A9AD-CB81AB5EEAE2}.Debug|Any CPU.ActiveCfg = Debug|Any CPU
		{618F9559-D33D-4050-A9AD-CB81AB5EEAE2}.Debug|Any CPU.Build.0 = Debug|Any CPU
		{618F9559-D33D-4050-A9AD-CB81AB5EEAE2}.Release|Any CPU.ActiveCfg = Release|Any CPU
		{618F9559-D33D-4050-A9AD-CB81AB5EEAE2}.Release|Any CPU.Build.0 = Release|Any CPU
	EndGlobalSection
	GlobalSection(SolutionProperties) = preSolution
		HideSolutionNode = FALSE
	EndGlobalSection
	GlobalSection(NestedProjects) = preSolution
		{814F54B8-1A7B-4A15-8F58-57DE54338D43} = {47AF6DAC-5597-4C96-BEAA-46987D01A605}
		{42C33721-7016-4476-BD63-46BEF944D32F} = {47AF6DAC-5597-4C96-BEAA-46987D01A605}
		{23347546-12A7-4C86-9B2E-B3A4AD6C5FE1} = {47AF6DAC-5597-4C96-BEAA-46987D01A605}
		{41D4F3A8-FEF1-41FC-9307-6674CFDBF2F3} = {47AF6DAC-5597-4C96-BEAA-46987D01A605}
		{5506DCE1-86C0-45C8-BD63-27C58035BAB6} = {47AF6DAC-5597-4C96-BEAA-46987D01A605}
		{51AF64E9-5A5A-4CE3-9A27-2B40453C1E7A} = {797F5555-A4E5-47CD-84C4-6350E3D3622B}
		{17C41DB5-EEE2-4F97-92E9-6E1604A44D20} = {797F5555-A4E5-47CD-84C4-6350E3D3622B}
		{C06260FD-12DE-4C4F-B0FC-B7E3D0D011BE} = {797F5555-A4E5-47CD-84C4-6350E3D3622B}
		{328A1E56-2C53-4A98-B9C1-55FCD4B7CCE0} = {797F5555-A4E5-47CD-84C4-6350E3D3622B}
		{618F9559-D33D-4050-A9AD-CB81AB5EEAE2} = {797F5555-A4E5-47CD-84C4-6350E3D3622B}
		{AB5B3A48-6779-43A1-9655-4C9F55F19DA0} = {797F5555-A4E5-47CD-84C4-6350E3D3622B}
	EndGlobalSection
	GlobalSection(ExtensibilityGlobals) = postSolution
		SolutionGuid = {BF68B99F-7525-41AC-B064-C7708427C841}
	EndGlobalSection
EndGlobal
